{
  "nodes": {
    "nixCats": {
      "locked": {
        "lastModified": 1743410467,
        "narHash": "sha256-R1HPtByFlpyV9Yt9PA85P1Z2Z1/9iGMhbGpXeC6tW4I=",
        "owner": "BirdeeHub",
        "repo": "nixCats-nvim",
        "rev": "212178d2ceb8f1997848a38b8f9ef4bd185e0045",
        "type": "github"
      },
      "original": {
        "owner": "BirdeeHub",
        "repo": "nixCats-nvim",
        "type": "github"
      }
    },
    "nixpkgs": {
      "locked": {
        "lastModified": 1743320628,
        "narHash": "sha256-FurMxmjEEqEMld11eX2vgfAx0Rz0JhoFm8UgxbfCZa8=",
        "owner": "nixos",
        "repo": "nixpkgs",
        "rev": "63158b9cbb6ec93d26255871c447b0f01da81619",
        "type": "github"
      },
      "original": {
        "owner": "nixos",
        "ref": "nixpkgs-unstable",
        "repo": "nixpkgs",
        "type": "github"
      }
    },
    "root": {
      "inputs": {
        "nixCats": "nixCats",
        "nixpkgs": "nixpkgs"
      }
    }
  },
  "root": "root",
  "version": 7
}
